// !$*UTF8*$!
{
	archiveVersion = 1;
	classes = {
	};
	objectVersion = 56;
	objects = {

/* Begin PBXBuildFile section */
		2696EF19AD39C2989D35ED7A /* Pods_BmiPractice.framework in Frameworks */ = {isa = PBXBuildFile; fileRef = 067C78BAAC15F989EDE4BDAF /* Pods_BmiPractice.framework */; };
		3F0AF5FD2C3D26FB00175B2E /* .gitignore in Resources */ = {isa = PBXBuildFile; fileRef = 3F0AF5FC2C3D26FB00175B2E /* .gitignore */; };
		3F3C73BF2C2C103000D627E8 /* ResultModalViewController.swift in Sources */ = {isa = PBXBuildFile; fileRef = 3F3C73BE2C2C103000D627E8 /* ResultModalViewController.swift */; };
		3F3C73C12C2C2F1200D627E8 /* CustomButton.swift in Sources */ = {isa = PBXBuildFile; fileRef = 3F3C73C02C2C2F1200D627E8 /* CustomButton.swift */; };
		3FBAE8D52C2BDBB3004CFB3B /* AppDelegate.swift in Sources */ = {isa = PBXBuildFile; fileRef = 3FBAE8D42C2BDBB3004CFB3B /* AppDelegate.swift */; };
		3FBAE8D72C2BDBB3004CFB3B /* SceneDelegate.swift in Sources */ = {isa = PBXBuildFile; fileRef = 3FBAE8D62C2BDBB3004CFB3B /* SceneDelegate.swift */; };
		3FBAE8D92C2BDBB3004CFB3B /* MainViewController.swift in Sources */ = {isa = PBXBuildFile; fileRef = 3FBAE8D82C2BDBB3004CFB3B /* MainViewController.swift */; };
		3FBAE8DE2C2BDBB4004CFB3B /* Assets.xcassets in Resources */ = {isa = PBXBuildFile; fileRef = 3FBAE8DD2C2BDBB4004CFB3B /* Assets.xcassets */; };
		3FBAE8E12C2BDBB4004CFB3B /* LaunchScreen.storyboard in Resources */ = {isa = PBXBuildFile; fileRef = 3FBAE8DF2C2BDBB4004CFB3B /* LaunchScreen.storyboard */; };
/* End PBXBuildFile section */

/* Begin PBXFileReference section */
		067C78BAAC15F989EDE4BDAF /* Pods_BmiPractice.framework */ = {isa = PBXFileReference; explicitFileType = wrapper.framework; includeInIndex = 0; path = Pods_BmiPractice.framework; sourceTree = BUILT_PRODUCTS_DIR; };
		1B80B059CD7733D7A0741A3B /* Pods-BmiPractice.release.xcconfig */ = {isa = PBXFileReference; includeInIndex = 1; lastKnownFileType = text.xcconfig; name = "Pods-BmiPractice.release.xcconfig"; path = "Target Support Files/Pods-BmiPractice/Pods-BmiPractice.release.xcconfig"; sourceTree = "<group>"; };
		3F0AF5FC2C3D26FB00175B2E /* .gitignore */ = {isa = PBXFileReference; lastKnownFileType = text; path = .gitignore; sourceTree = "<group>"; };
		3F3C73BE2C2C103000D627E8 /* ResultModalViewController.swift */ = {isa = PBXFileReference; lastKnownFileType = sourcecode.swift; path = ResultModalViewController.swift; sourceTree = "<group>"; };
		3F3C73C02C2C2F1200D627E8 /* CustomButton.swift */ = {isa = PBXFileReference; lastKnownFileType = sourcecode.swift; path = CustomButton.swift; sourceTree = "<group>"; };
		3FBAE8D12C2BDBB3004CFB3B /* BmiPractice.app */ = {isa = PBXFileReference; explicitFileType = wrapper.application; includeInIndex = 0; path = BmiPractice.app; sourceTree = BUILT_PRODUCTS_DIR; };
		3FBAE8D42C2BDBB3004CFB3B /* AppDelegate.swift */ = {isa = PBXFileReference; lastKnownFileType = sourcecode.swift; path = AppDelegate.swift; sourceTree = "<group>"; };
		3FBAE8D62C2BDBB3004CFB3B /* SceneDelegate.swift */ = {isa = PBXFileReference; lastKnownFileType = sourcecode.swift; path = SceneDelegate.swift; sourceTree = "<group>"; };
		3FBAE8D82C2BDBB3004CFB3B /* MainViewController.swift */ = {isa = PBXFileReference; lastKnownFileType = sourcecode.swift; path = MainViewController.swift; sourceTree = "<group>"; };
		3FBAE8DD2C2BDBB4004CFB3B /* Assets.xcassets */ = {isa = PBXFileReference; lastKnownFileType = folder.assetcatalog; path = Assets.xcassets; sourceTree = "<group>"; };
		3FBAE8E02C2BDBB4004CFB3B /* Base */ = {isa = PBXFileReference; lastKnownFileType = file.storyboard; name = Base; path = Base.lproj/LaunchScreen.storyboard; sourceTree = "<group>"; };
		3FBAE8E22C2BDBB4004CFB3B /* Info.plist */ = {isa = PBXFileReference; lastKnownFileType = text.plist.xml; path = Info.plist; sourceTree = "<group>"; };
		CC9D15516295E823F98F73B5 /* Pods-BmiPractice.debug.xcconfig */ = {isa = PBXFileReference; includeInIndex = 1; lastKnownFileType = text.xcconfig; name = "Pods-BmiPractice.debug.xcconfig"; path = "Target Support Files/Pods-BmiPractice/Pods-BmiPractice.debug.xcconfig"; sourceTree = "<group>"; };
/* End PBXFileReference section */

/* Begin PBXFrameworksBuildPhase section */
		3FBAE8CE2C2BDBB3004CFB3B /* Frameworks */ = {
			isa = PBXFrameworksBuildPhase;
			buildActionMask = 2147483647;
			files = (
				2696EF19AD39C2989D35ED7A /* Pods_BmiPractice.framework in Frameworks */,
			);
			runOnlyForDeploymentPostprocessing = 0;
		};
/* End PBXFrameworksBuildPhase section */

/* Begin PBXGroup section */
		3FBAE8C82C2BDBB3004CFB3B = {
			isa = PBXGroup;
			children = (
				3F0AF5FC2C3D26FB00175B2E /* .gitignore */,
				3FBAE8D32C2BDBB3004CFB3B /* BmiPractice */,
				3FBAE8D22C2BDBB3004CFB3B /* Products */,
				58866E107CFD2CB7AA52FCAD /* Pods */,
				D25B784BBF243172D84C5ED2 /* Frameworks */,
			);
			sourceTree = "<group>";
		};
		3FBAE8D22C2BDBB3004CFB3B /* Products */ = {
			isa = PBXGroup;
			children = (
				3FBAE8D12C2BDBB3004CFB3B /* BmiPractice.app */,
			);
			name = Products;
			sourceTree = "<group>";
		};
		3FBAE8D32C2BDBB3004CFB3B /* BmiPractice */ = {
			isa = PBXGroup;
			children = (
				3FBAE8D42C2BDBB3004CFB3B /* AppDelegate.swift */,
				3FBAE8D62C2BDBB3004CFB3B /* SceneDelegate.swift */,
				3FBAE8D82C2BDBB3004CFB3B /* MainViewController.swift */,
				3F3C73BE2C2C103000D627E8 /* ResultModalViewController.swift */,
				3F3C73C02C2C2F1200D627E8 /* CustomButton.swift */,
				3FBAE8DD2C2BDBB4004CFB3B /* Assets.xcassets */,
				3FBAE8DF2C2BDBB4004CFB3B /* LaunchScreen.storyboard */,
				3FBAE8E22C2BDBB4004CFB3B /* Info.plist */,
			);
			path = BmiPractice;
			sourceTree = "<group>";
		};
		58866E107CFD2CB7AA52FCAD /* Pods */ = {
			isa = PBXGroup;
			children = (
				CC9D15516295E823F98F73B5 /* Pods-BmiPractice.debug.xcconfig */,
				1B80B059CD7733D7A0741A3B /* Pods-BmiPractice.release.xcconfig */,
			);
			path = Pods;
			sourceTree = "<group>";
		};
		D25B784BBF243172D84C5ED2 /* Frameworks */ = {
			isa = PBXGroup;
			children = (
				067C78BAAC15F989EDE4BDAF /* Pods_BmiPractice.framework */,
			);
			name = Frameworks;
			sourceTree = "<group>";
		};
/* End PBXGroup section */

/* Begin PBXNativeTarget section */
		3FBAE8D02C2BDBB3004CFB3B /* BmiPractice */ = {
			isa = PBXNativeTarget;
			buildConfigurationList = 3FBAE8E52C2BDBB4004CFB3B /* Build configuration list for PBXNativeTarget "BmiPractice" */;
			buildPhases = (
				0AEA64A3F4E76835471B1108 /* [CP] Check Pods Manifest.lock */,
				3FBAE8CD2C2BDBB3004CFB3B /* Sources */,
				3FBAE8CE2C2BDBB3004CFB3B /* Frameworks */,
				3FBAE8CF2C2BDBB3004CFB3B /* Resources */,
				1EBC6F7A78604A87C40BC04E /* [CP] Embed Pods Frameworks */,
			);
			buildRules = (
			);
			dependencies = (
			);
			name = BmiPractice;
			productName = BmiPractice;
			productReference = 3FBAE8D12C2BDBB3004CFB3B /* BmiPractice.app */;
			productType = "com.apple.product-type.application";
		};
/* End PBXNativeTarget section */

/* Begin PBXProject section */
		3FBAE8C92C2BDBB3004CFB3B /* Project object */ = {
			isa = PBXProject;
			attributes = {
				BuildIndependentTargetsInParallel = 1;
				LastSwiftUpdateCheck = 1520;
				LastUpgradeCheck = 1520;
				TargetAttributes = {
					3FBAE8D02C2BDBB3004CFB3B = {
						CreatedOnToolsVersion = 15.2;
					};
				};
			};
			buildConfigurationList = 3FBAE8CC2C2BDBB3004CFB3B /* Build configuration list for PBXProject "BmiPractice" */;
			compatibilityVersion = "Xcode 14.0";
			developmentRegion = en;
			hasScannedForEncodings = 0;
			knownRegions = (
				en,
				Base,
			);
			mainGroup = 3FBAE8C82C2BDBB3004CFB3B;
			productRefGroup = 3FBAE8D22C2BDBB3004CFB3B /* Products */;
			projectDirPath = "";
			projectRoot = "";
			targets = (
				3FBAE8D02C2BDBB3004CFB3B /* BmiPractice */,
			);
		};
/* End PBXProject section */

/* Begin PBXResourcesBuildPhase section */
		3FBAE8CF2C2BDBB3004CFB3B /* Resources */ = {
			isa = PBXResourcesBuildPhase;
			buildActionMask = 2147483647;
			files = (
				3FBAE8E12C2BDBB4004CFB3B /* LaunchScreen.storyboard in Resources */,
				3F0AF5FD2C3D26FB00175B2E /* .gitignore in Resources */,
				3FBAE8DE2C2BDBB4004CFB3B /* Assets.xcassets in Resources */,
			);
			runOnlyForDeploymentPostprocessing = 0;
		};
/* End PBXResourcesBuildPhase section */

/* Begin PBXShellScriptBuildPhase section */
		0AEA64A3F4E76835471B1108 /* [CP] Check Pods Manifest.lock */ = {
			isa = PBXShellScriptBuildPhase;
			buildActionMask = 2147483647;
			files = (
			);
			inputFileListPaths = (
			);
			inputPaths = (
				"${PODS_PODFILE_DIR_PATH}/Podfile.lock",
				"${PODS_ROOT}/Manifest.lock",
			);
			name = "[CP] Check Pods Manifest.lock";
			outputFileListPaths = (
			);
			outputPaths = (
				"$(DERIVED_FILE_DIR)/Pods-BmiPractice-checkManifestLockResult.txt",
			);
			runOnlyForDeploymentPostprocessing = 0;
			shellPath = /bin/sh;
			shellScript = "diff \"${PODS_PODFILE_DIR_PATH}/Podfile.lock\" \"${PODS_ROOT}/Manifest.lock\" > /dev/null\nif [ $? != 0 ] ; then\n    # print error to STDERR\n    echo \"error: The sandbox is not in sync with the Podfile.lock. Run 'pod install' or update your CocoaPods installation.\" >&2\n    exit 1\nfi\n# This output is used by Xcode 'outputs' to avoid re-running this script phase.\necho \"SUCCESS\" > \"${SCRIPT_OUTPUT_FILE_0}\"\n";
			showEnvVarsInLog = 0;
		};
		1EBC6F7A78604A87C40BC04E /* [CP] Embed Pods Frameworks */ = {
			isa = PBXShellScriptBuildPhase;
			buildActionMask = 2147483647;
			files = (
			);
			inputFileListPaths = (
				"${PODS_ROOT}/Target Support Files/Pods-BmiPractice/Pods-BmiPractice-frameworks-${CONFIGURATION}-input-files.xcfilelist",
			);
			name = "[CP] Embed Pods Frameworks";
			outputFileListPaths = (
				"${PODS_ROOT}/Target Support Files/Pods-BmiPractice/Pods-BmiPractice-frameworks-${CONFIGURATION}-output-files.xcfilelist",
			);
			runOnlyForDeploymentPostprocessing = 0;
			shellPath = /bin/sh;
			shellScript = "\"${PODS_ROOT}/Target Support Files/Pods-BmiPractice/Pods-BmiPractice-frameworks.sh\"\n";
			showEnvVarsInLog = 0;
		};
/* End PBXShellScriptBuildPhase section */

/* Begin PBXSourcesBuildPhase section */
		3FBAE8CD2C2BDBB3004CFB3B /* Sources */ = {
			isa = PBXSourcesBuildPhase;
			buildActionMask = 2147483647;
			files = (
				3FBAE8D92C2BDBB3004CFB3B /* MainViewController.swift in Sources */,
				3F3C73BF2C2C103000D627E8 /* ResultModalViewController.swift in Sources */,
				3FBAE8D52C2BDBB3004CFB3B /* AppDelegate.swift in Sources */,
				3FBAE8D72C2BDBB3004CFB3B /* SceneDelegate.swift in Sources */,
				3F3C73C12C2C2F1200D627E8 /* CustomButton.swift in Sources */,
			);
			runOnlyForDeploymentPostprocessing = 0;
		};
/* End PBXSourcesBuildPhase section */

/* Begin PBXVariantGroup section */
		3FBAE8DF2C2BDBB4004CFB3B /* LaunchScreen.storyboard */ = {
			isa = PBXVariantGroup;
			children = (
				3FBAE8E02C2BDBB4004CFB3B /* Base */,
			);
			name = LaunchScreen.storyboard;
			sourceTree = "<group>";
		};
/* End PBXVariantGroup section */

/* Begin XCBuildConfiguration section */
		3FBAE8E32C2BDBB4004CFB3B /* Debug */ = {
			isa = XCBuildConfiguration;
			buildSettings = {
				ALWAYS_SEARCH_USER_PATHS = NO;
				ASSETCATALOG_COMPILER_GENERATE_SWIFT_ASSET_SYMBOL_EXTENSIONS = YES;
				CLANG_ANALYZER_NONNULL = YES;
				CLANG_ANALYZER_NUMBER_OBJECT_CONVERSION = YES_AGGRESSIVE;
				CLANG_CXX_LANGUAGE_STANDARD = "gnu++20";
				CLANG_ENABLE_MODULES = YES;
				CLANG_ENABLE_OBJC_ARC = YES;
				CLANG_ENABLE_OBJC_WEAK = YES;
				CLANG_WARN_BLOCK_CAPTURE_AUTORELEASING = YES;
				CLANG_WARN_BOOL_CONVERSION = YES;
				CLANG_WARN_COMMA = YES;
				CLANG_WARN_CONSTANT_CONVERSION = YES;
				CLANG_WARN_DEPRECATED_OBJC_IMPLEMENTATIONS = YES;
				CLANG_WARN_DIRECT_OBJC_ISA_USAGE = YES_ERROR;
				CLANG_WARN_DOCUMENTATION_COMMENTS = YES;
				CLANG_WARN_EMPTY_BODY = YES;
				CLANG_WARN_ENUM_CONVERSION = YES;
				CLANG_WARN_INFINITE_RECURSION = YES;
				CLANG_WARN_INT_CONVERSION = YES;
				CLANG_WARN_NON_LITERAL_NULL_CONVERSION = YES;
				CLANG_WARN_OBJC_IMPLICIT_RETAIN_SELF = YES;
				CLANG_WARN_OBJC_LITERAL_CONVERSION = YES;
				CLANG_WARN_OBJC_ROOT_CLASS = YES_ERROR;
				CLANG_WARN_QUOTED_INCLUDE_IN_FRAMEWORK_HEADER = YES;
				CLANG_WARN_RANGE_LOOP_ANALYSIS = YES;
				CLANG_WARN_STRICT_PROTOTYPES = YES;
				CLANG_WARN_SUSPICIOUS_MOVE = YES;
				CLANG_WARN_UNGUARDED_AVAILABILITY = YES_AGGRESSIVE;
				CLANG_WARN_UNREACHABLE_CODE = YES;
				CLANG_WARN__DUPLICATE_METHOD_MATCH = YES;
				COPY_PHASE_STRIP = NO;
				DEBUG_INFORMATION_FORMAT = dwarf;
				ENABLE_STRICT_OBJC_MSGSEND = YES;
				ENABLE_TESTABILITY = YES;
				ENABLE_USER_SCRIPT_SANDBOXING = NO;
				GCC_C_LANGUAGE_STANDARD = gnu17;
				GCC_DYNAMIC_NO_PIC = NO;
				GCC_NO_COMMON_BLOCKS = YES;
				GCC_OPTIMIZATION_LEVEL = 0;
				GCC_PREPROCESSOR_DEFINITIONS = (
					"DEBUG=1",
					"$(inherited)",
				);
				GCC_WARN_64_TO_32_BIT_CONVERSION = YES;
				GCC_WARN_ABOUT_RETURN_TYPE = YES_ERROR;
				GCC_WARN_UNDECLARED_SELECTOR = YES;
				GCC_WARN_UNINITIALIZED_AUTOS = YES_AGGRESSIVE;
				GCC_WARN_UNUSED_FUNCTION = YES;
				GCC_WARN_UNUSED_VARIABLE = YES;
				IPHONEOS_DEPLOYMENT_TARGET = 17.2;
				LOCALIZATION_PREFERS_STRING_CATALOGS = YES;
				MTL_ENABLE_DEBUG_INFO = INCLUDE_SOURCE;
				MTL_FAST_MATH = YES;
				ONLY_ACTIVE_ARCH = YES;
				SDKROOT = iphoneos;
				SWIFT_ACTIVE_COMPILATION_CONDITIONS = "DEBUG $(inherited)";
				SWIFT_OPTIMIZATION_LEVEL = "-Onone";
			};
			name = Debug;
		};
		3FBAE8E42C2BDBB4004CFB3B /* Release */ = {
			isa = XCBuildConfiguration;
			buildSettings = {
				ALWAYS_SEARCH_USER_PATHS = NO;
				ASSETCATALOG_COMPILER_GENERATE_SWIFT_ASSET_SYMBOL_EXTENSIONS = YES;
				CLANG_ANALYZER_NONNULL = YES;
				CLANG_ANALYZER_NUMBER_OBJECT_CONVERSION = YES_AGGRESSIVE;
				CLANG_CXX_LANGUAGE_STANDARD = "gnu++20";
				CLANG_ENABLE_MODULES = YES;
				CLANG_ENABLE_OBJC_ARC = YES;
				CLANG_ENABLE_OBJC_WEAK = YES;
				CLANG_WARN_BLOCK_CAPTURE_AUTORELEASING = YES;
				CLANG_WARN_BOOL_CONVERSION = YES;
				CLANG_WARN_COMMA = YES;
				CLANG_WARN_CONSTANT_CONVERSION = YES;
				CLANG_WARN_DEPRECATED_OBJC_IMPLEMENTATIONS = YES;
				CLANG_WARN_DIRECT_OBJC_ISA_USAGE = YES_ERROR;
				CLANG_WARN_DOCUMENTATION_COMMENTS = YES;
				CLANG_WARN_EMPTY_BODY = YES;
				CLANG_WARN_ENUM_CONVERSION = YES;
				CLANG_WARN_INFINITE_RECURSION = YES;
				CLANG_WARN_INT_CONVERSION = YES;
				CLANG_WARN_NON_LITERAL_NULL_CONVERSION = YES;
				CLANG_WARN_OBJC_IMPLICIT_RETAIN_SELF = YES;
				CLANG_WARN_OBJC_LITERAL_CONVERSION = YES;
				CLANG_WARN_OBJC_ROOT_CLASS = YES_ERROR;
				CLANG_WARN_QUOTED_INCLUDE_IN_FRAMEWORK_HEADER = YES;
				CLANG_WARN_RANGE_LOOP_ANALYSIS = YES;
				CLANG_WARN_STRICT_PROTOTYPES = YES;
				CLANG_WARN_SUSPICIOUS_MOVE = YES;
				CLANG_WARN_UNGUARDED_AVAILABILITY = YES_AGGRESSIVE;
				CLANG_WARN_UNREACHABLE_CODE = YES;
				CLANG_WARN__DUPLICATE_METHOD_MATCH = YES;
				COPY_PHASE_STRIP = NO;
				DEBUG_INFORMATION_FORMAT = "dwarf-with-dsym";
				ENABLE_NS_ASSERTIONS = NO;
				ENABLE_STRICT_OBJC_MSGSEND = YES;
				ENABLE_USER_SCRIPT_SANDBOXING = NO;
				GCC_C_LANGUAGE_STANDARD = gnu17;
				GCC_NO_COMMON_BLOCKS = YES;
				GCC_WARN_64_TO_32_BIT_CONVERSION = YES;
				GCC_WARN_ABOUT_RETURN_TYPE = YES_ERROR;
				GCC_WARN_UNDECLARED_SELECTOR = YES;
				GCC_WARN_UNINITIALIZED_AUTOS = YES_AGGRESSIVE;
				GCC_WARN_UNUSED_FUNCTION = YES;
				GCC_WARN_UNUSED_VARIABLE = YES;
				IPHONEOS_DEPLOYMENT_TARGET = 17.2;
				LOCALIZATION_PREFERS_STRING_CATALOGS = YES;
				MTL_ENABLE_DEBUG_INFO = NO;
				MTL_FAST_MATH = YES;
				SDKROOT = iphoneos;
				SWIFT_COMPILATION_MODE = wholemodule;
				VALIDATE_PRODUCT = YES;
			};
			name = Release;
		};
		3FBAE8E62C2BDBB4004CFB3B /* Debug */ = {
			isa = XCBuildConfiguration;
			baseConfigurationReference = CC9D15516295E823F98F73B5 /* Pods-BmiPractice.debug.xcconfig */;
			buildSettings = {
				ASSETCATALOG_COMPILER_APPICON_NAME = AppIcon;
				ASSETCATALOG_COMPILER_GLOBAL_ACCENT_COLOR_NAME = AccentColor;
				CODE_SIGN_STYLE = Automatic;
				CURRENT_PROJECT_VERSION = 1;
				DEVELOPMENT_TEAM = 3S2S9T38QB;
				GENERATE_INFOPLIST_FILE = YES;
				INFOPLIST_FILE = BmiPractice/Info.plist;
				INFOPLIST_KEY_UIApplicationSupportsIndirectInputEvents = YES;
				INFOPLIST_KEY_UILaunchStoryboardName = LaunchScreen;
				INFOPLIST_KEY_UIStatusBarStyle = "";
				INFOPLIST_KEY_UISupportedInterfaceOrientations_iPad = "UIInterfaceOrientationPortrait UIInterfaceOrientationPortraitUpsideDown UIInterfaceOrientationLandscapeLeft UIInterfaceOrientationLandscapeRight";
				INFOPLIST_KEY_UISupportedInterfaceOrientations_iPhone = "UIInterfaceOrientationPortrait UIInterfaceOrientationLandscapeLeft UIInterfaceOrientationLandscapeRight";
				LD_RUNPATH_SEARCH_PATHS = (
					"$(inherited)",
					"@executable_path/Frameworks",
				);
				MARKETING_VERSION = 1.0;
				PRODUCT_BUNDLE_IDENTIFIER = com.dinstudio.BmiPractice;
				PRODUCT_NAME = "$(TARGET_NAME)";
				SWIFT_EMIT_LOC_STRINGS = YES;
				SWIFT_VERSION = 5.0;
				TARGETED_DEVICE_FAMILY = "1,2";
			};
			name = Debug;
		};
		3FBAE8E72C2BDBB4004CFB3B /* Release */ = {
			isa = XCBuildConfiguration;
			baseConfigurationReference = 1B80B059CD7733D7A0741A3B /* Pods-BmiPractice.release.xcconfig */;
			buildSettings = {
				ASSETCATALOG_COMPILER_APPICON_NAME = AppIcon;
				ASSETCATALOG_COMPILER_GLOBAL_ACCENT_COLOR_NAME = AccentColor;
				CODE_SIGN_STYLE = Automatic;
				CURRENT_PROJECT_VERSION = 1;
				DEVELOPMENT_TEAM = 3S2S9T38QB;
				GENERATE_INFOPLIST_FILE = YES;
				INFOPLIST_FILE = BmiPractice/Info.plist;
				INFOPLIST_KEY_UIApplicationSupportsIndirectInputEvents = YES;
				INFOPLIST_KEY_UILaunchStoryboardName = LaunchScreen;
				INFOPLIST_KEY_UIStatusBarStyle = "";
				INFOPLIST_KEY_UISupportedInterfaceOrientations_iPad = "UIInterfaceOrientationPortrait UIInterfaceOrientationPortraitUpsideDown UIInterfaceOrientationLandscapeLeft UIInterfaceOrientationLandscapeRight";
				INFOPLIST_KEY_UISupportedInterfaceOrientations_iPhone = "UIInterfaceOrientationPortrait UIInterfaceOrientationLandscapeLeft UIInterfaceOrientationLandscapeRight";
				LD_RUNPATH_SEARCH_PATHS = (
					"$(inherited)",
					"@executable_path/Frameworks",
				);
				MARKETING_VERSION = 1.0;
				PRODUCT_BUNDLE_IDENTIFIER = com.dinstudio.BmiPractice;
				PRODUCT_NAME = "$(TARGET_NAME)";
				SWIFT_EMIT_LOC_STRINGS = YES;
				SWIFT_VERSION = 5.0;
				TARGETED_DEVICE_FAMILY = "1,2";
			};
			name = Release;
		};
/* End XCBuildConfiguration section */

/* Begin XCConfigurationList section */
		3FBAE8CC2C2BDBB3004CFB3B /* Build configuration list for PBXProject "BmiPractice" */ = {
			isa = XCConfigurationList;
			buildConfigurations = (
				3FBAE8E32C2BDBB4004CFB3B /* Debug */,
				3FBAE8E42C2BDBB4004CFB3B /* Release */,
			);
			defaultConfigurationIsVisible = 0;
			defaultConfigurationName = Release;
		};
		3FBAE8E52C2BDBB4004CFB3B /* Build configuration list for PBXNativeTarget "BmiPractice" */ = {
			isa = XCConfigurationList;
			buildConfigurations = (
				3FBAE8E62C2BDBB4004CFB3B /* Debug */,
				3FBAE8E72C2BDBB4004CFB3B /* Release */,
			);
			defaultConfigurationIsVisible = 0;
			defaultConfigurationName = Release;
		};
/* End XCConfigurationList section */
	};
	rootObject = 3FBAE8C92C2BDBB3004CFB3B /* Project object */;
}
