// !$*UTF8*$!
{
	archiveVersion = 1;
	classes = {
	};
	objectVersion = 56;
	objects = {

/* Begin PBXBuildFile section */
		3F4440BE2C3679B300FFE260 /* AppDelegate.swift in Sources */ = {isa = PBXBuildFile; fileRef = 3F4440BD2C3679B300FFE260 /* AppDelegate.swift */; };
		3F4440C02C3679B300FFE260 /* SceneDelegate.swift in Sources */ = {isa = PBXBuildFile; fileRef = 3F4440BF2C3679B300FFE260 /* SceneDelegate.swift */; };
		3F4440C22C3679B300FFE260 /* MainViewController.swift in Sources */ = {isa = PBXBuildFile; fileRef = 3F4440C12C3679B300FFE260 /* MainViewController.swift */; };
		3F4440C72C3679B400FFE260 /* Assets.xcassets in Resources */ = {isa = PBXBuildFile; fileRef = 3F4440C62C3679B400FFE260 /* Assets.xcassets */; };
		3F4440CA2C3679B400FFE260 /* LaunchScreen.storyboard in Resources */ = {isa = PBXBuildFile; fileRef = 3F4440C82C3679B400FFE260 /* LaunchScreen.storyboard */; };
		3F9FFD1F2C3853760009D803 /* CustomCell.swift in Sources */ = {isa = PBXBuildFile; fileRef = 3F9FFD1E2C3853760009D803 /* CustomCell.swift */; };
		3FAA74462C3BC6F60003D66C /* ReuseIdentifier.swift in Sources */ = {isa = PBXBuildFile; fileRef = 3FAA74452C3BC6F60003D66C /* ReuseIdentifier.swift */; };
		3FB332A82C3927E70090EFC7 /* MovieDetailViewController.swift in Sources */ = {isa = PBXBuildFile; fileRef = 3FB332A72C3927E70090EFC7 /* MovieDetailViewController.swift */; };
		3FB3FAF52C3D2769007EBC3C /* .gitignore in Resources */ = {isa = PBXBuildFile; fileRef = 3FB3FAF42C3D2769007EBC3C /* .gitignore */; };
		3FDF2BA42C369318002422B8 /* Movie.swift in Sources */ = {isa = PBXBuildFile; fileRef = 3FDF2BA32C369318002422B8 /* Movie.swift */; };
		6605BAD9C8ED9AE5BEAEF7C0 /* Pods_MoviePractice.framework in Frameworks */ = {isa = PBXBuildFile; fileRef = 0556B2415258D3BD3D31EB80 /* Pods_MoviePractice.framework */; };
/* End PBXBuildFile section */

/* Begin PBXFileReference section */
		0556B2415258D3BD3D31EB80 /* Pods_MoviePractice.framework */ = {isa = PBXFileReference; explicitFileType = wrapper.framework; includeInIndex = 0; path = Pods_MoviePractice.framework; sourceTree = BUILT_PRODUCTS_DIR; };
		3F4440BA2C3679B300FFE260 /* MoviePractice.app */ = {isa = PBXFileReference; explicitFileType = wrapper.application; includeInIndex = 0; path = MoviePractice.app; sourceTree = BUILT_PRODUCTS_DIR; };
		3F4440BD2C3679B300FFE260 /* AppDelegate.swift */ = {isa = PBXFileReference; lastKnownFileType = sourcecode.swift; path = AppDelegate.swift; sourceTree = "<group>"; };
		3F4440BF2C3679B300FFE260 /* SceneDelegate.swift */ = {isa = PBXFileReference; lastKnownFileType = sourcecode.swift; path = SceneDelegate.swift; sourceTree = "<group>"; };
		3F4440C12C3679B300FFE260 /* MainViewController.swift */ = {isa = PBXFileReference; lastKnownFileType = sourcecode.swift; path = MainViewController.swift; sourceTree = "<group>"; };
		3F4440C62C3679B400FFE260 /* Assets.xcassets */ = {isa = PBXFileReference; lastKnownFileType = folder.assetcatalog; path = Assets.xcassets; sourceTree = "<group>"; };
		3F4440C92C3679B400FFE260 /* Base */ = {isa = PBXFileReference; lastKnownFileType = file.storyboard; name = Base; path = Base.lproj/LaunchScreen.storyboard; sourceTree = "<group>"; };
		3F4440CB2C3679B400FFE260 /* Info.plist */ = {isa = PBXFileReference; lastKnownFileType = text.plist.xml; path = Info.plist; sourceTree = "<group>"; };
		3F9FFD1E2C3853760009D803 /* CustomCell.swift */ = {isa = PBXFileReference; lastKnownFileType = sourcecode.swift; path = CustomCell.swift; sourceTree = "<group>"; };
		3FAA74452C3BC6F60003D66C /* ReuseIdentifier.swift */ = {isa = PBXFileReference; lastKnownFileType = sourcecode.swift; path = ReuseIdentifier.swift; sourceTree = "<group>"; };
		3FB332A72C3927E70090EFC7 /* MovieDetailViewController.swift */ = {isa = PBXFileReference; lastKnownFileType = sourcecode.swift; path = MovieDetailViewController.swift; sourceTree = "<group>"; };
		3FB3FAF42C3D2769007EBC3C /* .gitignore */ = {isa = PBXFileReference; lastKnownFileType = text; path = .gitignore; sourceTree = "<group>"; };
		3FDF2BA32C369318002422B8 /* Movie.swift */ = {isa = PBXFileReference; lastKnownFileType = sourcecode.swift; path = Movie.swift; sourceTree = "<group>"; };
		D08B4C0C9E77DB07F5E2F698 /* Pods-MoviePractice.debug.xcconfig */ = {isa = PBXFileReference; includeInIndex = 1; lastKnownFileType = text.xcconfig; name = "Pods-MoviePractice.debug.xcconfig"; path = "Target Support Files/Pods-MoviePractice/Pods-MoviePractice.debug.xcconfig"; sourceTree = "<group>"; };
		F12DB8AD46139E1DC04EC64D /* Pods-MoviePractice.release.xcconfig */ = {isa = PBXFileReference; includeInIndex = 1; lastKnownFileType = text.xcconfig; name = "Pods-MoviePractice.release.xcconfig"; path = "Target Support Files/Pods-MoviePractice/Pods-MoviePractice.release.xcconfig"; sourceTree = "<group>"; };
/* End PBXFileReference section */

/* Begin PBXFrameworksBuildPhase section */
		3F4440B72C3679B300FFE260 /* Frameworks */ = {
			isa = PBXFrameworksBuildPhase;
			buildActionMask = 2147483647;
			files = (
				6605BAD9C8ED9AE5BEAEF7C0 /* Pods_MoviePractice.framework in Frameworks */,
			);
			runOnlyForDeploymentPostprocessing = 0;
		};
/* End PBXFrameworksBuildPhase section */

/* Begin PBXGroup section */
		17DD22DEDF27BA0FC894B447 /* Pods */ = {
			isa = PBXGroup;
			children = (
				D08B4C0C9E77DB07F5E2F698 /* Pods-MoviePractice.debug.xcconfig */,
				F12DB8AD46139E1DC04EC64D /* Pods-MoviePractice.release.xcconfig */,
			);
			path = Pods;
			sourceTree = "<group>";
		};
		3F4440B12C3679B300FFE260 = {
			isa = PBXGroup;
			children = (
				3FB3FAF42C3D2769007EBC3C /* .gitignore */,
				3F4440BC2C3679B300FFE260 /* MoviePractice */,
				3F4440BB2C3679B300FFE260 /* Products */,
				17DD22DEDF27BA0FC894B447 /* Pods */,
				D1677F0E4A72835C7D55AAE0 /* Frameworks */,
			);
			sourceTree = "<group>";
		};
		3F4440BB2C3679B300FFE260 /* Products */ = {
			isa = PBXGroup;
			children = (
				3F4440BA2C3679B300FFE260 /* MoviePractice.app */,
			);
			name = Products;
			sourceTree = "<group>";
		};
		3F4440BC2C3679B300FFE260 /* MoviePractice */ = {
			isa = PBXGroup;
			children = (
				3F4440BD2C3679B300FFE260 /* AppDelegate.swift */,
				3F4440BF2C3679B300FFE260 /* SceneDelegate.swift */,
				3F4440C62C3679B400FFE260 /* Assets.xcassets */,
				3F4440C82C3679B400FFE260 /* LaunchScreen.storyboard */,
				3F4440CB2C3679B400FFE260 /* Info.plist */,
				3FDF2BA32C369318002422B8 /* Movie.swift */,
				3F4440C12C3679B300FFE260 /* MainViewController.swift */,
				3F9FFD1E2C3853760009D803 /* CustomCell.swift */,
				3FB332A72C3927E70090EFC7 /* MovieDetailViewController.swift */,
				3FAA74452C3BC6F60003D66C /* ReuseIdentifier.swift */,
			);
			path = MoviePractice;
			sourceTree = "<group>";
		};
		D1677F0E4A72835C7D55AAE0 /* Frameworks */ = {
			isa = PBXGroup;
			children = (
				0556B2415258D3BD3D31EB80 /* Pods_MoviePractice.framework */,
			);
			name = Frameworks;
			sourceTree = "<group>";
		};
/* End PBXGroup section */

/* Begin PBXNativeTarget section */
		3F4440B92C3679B300FFE260 /* MoviePractice */ = {
			isa = PBXNativeTarget;
			buildConfigurationList = 3F4440CE2C3679B400FFE260 /* Build configuration list for PBXNativeTarget "MoviePractice" */;
			buildPhases = (
				0137AC2A881F04DEDE4F1672 /* [CP] Check Pods Manifest.lock */,
				3F4440B62C3679B300FFE260 /* Sources */,
				3F4440B72C3679B300FFE260 /* Frameworks */,
				3F4440B82C3679B300FFE260 /* Resources */,
				8252211D2E11336E9C7603F6 /* [CP] Embed Pods Frameworks */,
			);
			buildRules = (
			);
			dependencies = (
			);
			name = MoviePractice;
			productName = MoviePractice;
			productReference = 3F4440BA2C3679B300FFE260 /* MoviePractice.app */;
			productType = "com.apple.product-type.application";
		};
/* End PBXNativeTarget section */

/* Begin PBXProject section */
		3F4440B22C3679B300FFE260 /* Project object */ = {
			isa = PBXProject;
			attributes = {
				BuildIndependentTargetsInParallel = 1;
				LastSwiftUpdateCheck = 1520;
				LastUpgradeCheck = 1520;
				TargetAttributes = {
					3F4440B92C3679B300FFE260 = {
						CreatedOnToolsVersion = 15.2;
					};
				};
			};
			buildConfigurationList = 3F4440B52C3679B300FFE260 /* Build configuration list for PBXProject "MoviePractice" */;
			compatibilityVersion = "Xcode 14.0";
			developmentRegion = en;
			hasScannedForEncodings = 0;
			knownRegions = (
				en,
				Base,
			);
			mainGroup = 3F4440B12C3679B300FFE260;
			productRefGroup = 3F4440BB2C3679B300FFE260 /* Products */;
			projectDirPath = "";
			projectRoot = "";
			targets = (
				3F4440B92C3679B300FFE260 /* MoviePractice */,
			);
		};
/* End PBXProject section */

/* Begin PBXResourcesBuildPhase section */
		3F4440B82C3679B300FFE260 /* Resources */ = {
			isa = PBXResourcesBuildPhase;
			buildActionMask = 2147483647;
			files = (
				3F4440CA2C3679B400FFE260 /* LaunchScreen.storyboard in Resources */,
				3FB3FAF52C3D2769007EBC3C /* .gitignore in Resources */,
				3F4440C72C3679B400FFE260 /* Assets.xcassets in Resources */,
			);
			runOnlyForDeploymentPostprocessing = 0;
		};
/* End PBXResourcesBuildPhase section */

/* Begin PBXShellScriptBuildPhase section */
		0137AC2A881F04DEDE4F1672 /* [CP] Check Pods Manifest.lock */ = {
			isa = PBXShellScriptBuildPhase;
			buildActionMask = 2147483647;
			files = (
			);
			inputFileListPaths = (
			);
			inputPaths = (
				"${PODS_PODFILE_DIR_PATH}/Podfile.lock",
				"${PODS_ROOT}/Manifest.lock",
			);
			name = "[CP] Check Pods Manifest.lock";
			outputFileListPaths = (
			);
			outputPaths = (
				"$(DERIVED_FILE_DIR)/Pods-MoviePractice-checkManifestLockResult.txt",
			);
			runOnlyForDeploymentPostprocessing = 0;
			shellPath = /bin/sh;
			shellScript = "diff \"${PODS_PODFILE_DIR_PATH}/Podfile.lock\" \"${PODS_ROOT}/Manifest.lock\" > /dev/null\nif [ $? != 0 ] ; then\n    # print error to STDERR\n    echo \"error: The sandbox is not in sync with the Podfile.lock. Run 'pod install' or update your CocoaPods installation.\" >&2\n    exit 1\nfi\n# This output is used by Xcode 'outputs' to avoid re-running this script phase.\necho \"SUCCESS\" > \"${SCRIPT_OUTPUT_FILE_0}\"\n";
			showEnvVarsInLog = 0;
		};
		8252211D2E11336E9C7603F6 /* [CP] Embed Pods Frameworks */ = {
			isa = PBXShellScriptBuildPhase;
			buildActionMask = 2147483647;
			files = (
			);
			inputFileListPaths = (
				"${PODS_ROOT}/Target Support Files/Pods-MoviePractice/Pods-MoviePractice-frameworks-${CONFIGURATION}-input-files.xcfilelist",
			);
			name = "[CP] Embed Pods Frameworks";
			outputFileListPaths = (
				"${PODS_ROOT}/Target Support Files/Pods-MoviePractice/Pods-MoviePractice-frameworks-${CONFIGURATION}-output-files.xcfilelist",
			);
			runOnlyForDeploymentPostprocessing = 0;
			shellPath = /bin/sh;
			shellScript = "\"${PODS_ROOT}/Target Support Files/Pods-MoviePractice/Pods-MoviePractice-frameworks.sh\"\n";
			showEnvVarsInLog = 0;
		};
/* End PBXShellScriptBuildPhase section */

/* Begin PBXSourcesBuildPhase section */
		3F4440B62C3679B300FFE260 /* Sources */ = {
			isa = PBXSourcesBuildPhase;
			buildActionMask = 2147483647;
			files = (
				3F4440C22C3679B300FFE260 /* MainViewController.swift in Sources */,
				3F4440BE2C3679B300FFE260 /* AppDelegate.swift in Sources */,
				3F9FFD1F2C3853760009D803 /* CustomCell.swift in Sources */,
				3FDF2BA42C369318002422B8 /* Movie.swift in Sources */,
				3FB332A82C3927E70090EFC7 /* MovieDetailViewController.swift in Sources */,
				3F4440C02C3679B300FFE260 /* SceneDelegate.swift in Sources */,
				3FAA74462C3BC6F60003D66C /* ReuseIdentifier.swift in Sources */,
			);
			runOnlyForDeploymentPostprocessing = 0;
		};
/* End PBXSourcesBuildPhase section */

/* Begin PBXVariantGroup section */
		3F4440C82C3679B400FFE260 /* LaunchScreen.storyboard */ = {
			isa = PBXVariantGroup;
			children = (
				3F4440C92C3679B400FFE260 /* Base */,
			);
			name = LaunchScreen.storyboard;
			sourceTree = "<group>";
		};
/* End PBXVariantGroup section */

/* Begin XCBuildConfiguration section */
		3F4440CC2C3679B400FFE260 /* Debug */ = {
			isa = XCBuildConfiguration;
			buildSettings = {
				ALWAYS_SEARCH_USER_PATHS = NO;
				ASSETCATALOG_COMPILER_GENERATE_SWIFT_ASSET_SYMBOL_EXTENSIONS = YES;
				CLANG_ANALYZER_NONNULL = YES;
				CLANG_ANALYZER_NUMBER_OBJECT_CONVERSION = YES_AGGRESSIVE;
				CLANG_CXX_LANGUAGE_STANDARD = "gnu++20";
				CLANG_ENABLE_MODULES = YES;
				CLANG_ENABLE_OBJC_ARC = YES;
				CLANG_ENABLE_OBJC_WEAK = YES;
				CLANG_WARN_BLOCK_CAPTURE_AUTORELEASING = YES;
				CLANG_WARN_BOOL_CONVERSION = YES;
				CLANG_WARN_COMMA = YES;
				CLANG_WARN_CONSTANT_CONVERSION = YES;
				CLANG_WARN_DEPRECATED_OBJC_IMPLEMENTATIONS = YES;
				CLANG_WARN_DIRECT_OBJC_ISA_USAGE = YES_ERROR;
				CLANG_WARN_DOCUMENTATION_COMMENTS = YES;
				CLANG_WARN_EMPTY_BODY = YES;
				CLANG_WARN_ENUM_CONVERSION = YES;
				CLANG_WARN_INFINITE_RECURSION = YES;
				CLANG_WARN_INT_CONVERSION = YES;
				CLANG_WARN_NON_LITERAL_NULL_CONVERSION = YES;
				CLANG_WARN_OBJC_IMPLICIT_RETAIN_SELF = YES;
				CLANG_WARN_OBJC_LITERAL_CONVERSION = YES;
				CLANG_WARN_OBJC_ROOT_CLASS = YES_ERROR;
				CLANG_WARN_QUOTED_INCLUDE_IN_FRAMEWORK_HEADER = YES;
				CLANG_WARN_RANGE_LOOP_ANALYSIS = YES;
				CLANG_WARN_STRICT_PROTOTYPES = YES;
				CLANG_WARN_SUSPICIOUS_MOVE = YES;
				CLANG_WARN_UNGUARDED_AVAILABILITY = YES_AGGRESSIVE;
				CLANG_WARN_UNREACHABLE_CODE = YES;
				CLANG_WARN__DUPLICATE_METHOD_MATCH = YES;
				COPY_PHASE_STRIP = NO;
				DEBUG_INFORMATION_FORMAT = dwarf;
				ENABLE_STRICT_OBJC_MSGSEND = YES;
				ENABLE_TESTABILITY = YES;
				ENABLE_USER_SCRIPT_SANDBOXING = NO;
				GCC_C_LANGUAGE_STANDARD = gnu17;
				GCC_DYNAMIC_NO_PIC = NO;
				GCC_NO_COMMON_BLOCKS = YES;
				GCC_OPTIMIZATION_LEVEL = 0;
				GCC_PREPROCESSOR_DEFINITIONS = (
					"DEBUG=1",
					"$(inherited)",
				);
				GCC_WARN_64_TO_32_BIT_CONVERSION = YES;
				GCC_WARN_ABOUT_RETURN_TYPE = YES_ERROR;
				GCC_WARN_UNDECLARED_SELECTOR = YES;
				GCC_WARN_UNINITIALIZED_AUTOS = YES_AGGRESSIVE;
				GCC_WARN_UNUSED_FUNCTION = YES;
				GCC_WARN_UNUSED_VARIABLE = YES;
				IPHONEOS_DEPLOYMENT_TARGET = 17.2;
				LOCALIZATION_PREFERS_STRING_CATALOGS = YES;
				MTL_ENABLE_DEBUG_INFO = INCLUDE_SOURCE;
				MTL_FAST_MATH = YES;
				ONLY_ACTIVE_ARCH = YES;
				SDKROOT = iphoneos;
				SWIFT_ACTIVE_COMPILATION_CONDITIONS = "DEBUG $(inherited)";
				SWIFT_OPTIMIZATION_LEVEL = "-Onone";
			};
			name = Debug;
		};
		3F4440CD2C3679B400FFE260 /* Release */ = {
			isa = XCBuildConfiguration;
			buildSettings = {
				ALWAYS_SEARCH_USER_PATHS = NO;
				ASSETCATALOG_COMPILER_GENERATE_SWIFT_ASSET_SYMBOL_EXTENSIONS = YES;
				CLANG_ANALYZER_NONNULL = YES;
				CLANG_ANALYZER_NUMBER_OBJECT_CONVERSION = YES_AGGRESSIVE;
				CLANG_CXX_LANGUAGE_STANDARD = "gnu++20";
				CLANG_ENABLE_MODULES = YES;
				CLANG_ENABLE_OBJC_ARC = YES;
				CLANG_ENABLE_OBJC_WEAK = YES;
				CLANG_WARN_BLOCK_CAPTURE_AUTORELEASING = YES;
				CLANG_WARN_BOOL_CONVERSION = YES;
				CLANG_WARN_COMMA = YES;
				CLANG_WARN_CONSTANT_CONVERSION = YES;
				CLANG_WARN_DEPRECATED_OBJC_IMPLEMENTATIONS = YES;
				CLANG_WARN_DIRECT_OBJC_ISA_USAGE = YES_ERROR;
				CLANG_WARN_DOCUMENTATION_COMMENTS = YES;
				CLANG_WARN_EMPTY_BODY = YES;
				CLANG_WARN_ENUM_CONVERSION = YES;
				CLANG_WARN_INFINITE_RECURSION = YES;
				CLANG_WARN_INT_CONVERSION = YES;
				CLANG_WARN_NON_LITERAL_NULL_CONVERSION = YES;
				CLANG_WARN_OBJC_IMPLICIT_RETAIN_SELF = YES;
				CLANG_WARN_OBJC_LITERAL_CONVERSION = YES;
				CLANG_WARN_OBJC_ROOT_CLASS = YES_ERROR;
				CLANG_WARN_QUOTED_INCLUDE_IN_FRAMEWORK_HEADER = YES;
				CLANG_WARN_RANGE_LOOP_ANALYSIS = YES;
				CLANG_WARN_STRICT_PROTOTYPES = YES;
				CLANG_WARN_SUSPICIOUS_MOVE = YES;
				CLANG_WARN_UNGUARDED_AVAILABILITY = YES_AGGRESSIVE;
				CLANG_WARN_UNREACHABLE_CODE = YES;
				CLANG_WARN__DUPLICATE_METHOD_MATCH = YES;
				COPY_PHASE_STRIP = NO;
				DEBUG_INFORMATION_FORMAT = "dwarf-with-dsym";
				ENABLE_NS_ASSERTIONS = NO;
				ENABLE_STRICT_OBJC_MSGSEND = YES;
				ENABLE_USER_SCRIPT_SANDBOXING = NO;
				GCC_C_LANGUAGE_STANDARD = gnu17;
				GCC_NO_COMMON_BLOCKS = YES;
				GCC_WARN_64_TO_32_BIT_CONVERSION = YES;
				GCC_WARN_ABOUT_RETURN_TYPE = YES_ERROR;
				GCC_WARN_UNDECLARED_SELECTOR = YES;
				GCC_WARN_UNINITIALIZED_AUTOS = YES_AGGRESSIVE;
				GCC_WARN_UNUSED_FUNCTION = YES;
				GCC_WARN_UNUSED_VARIABLE = YES;
				IPHONEOS_DEPLOYMENT_TARGET = 17.2;
				LOCALIZATION_PREFERS_STRING_CATALOGS = YES;
				MTL_ENABLE_DEBUG_INFO = NO;
				MTL_FAST_MATH = YES;
				SDKROOT = iphoneos;
				SWIFT_COMPILATION_MODE = wholemodule;
				VALIDATE_PRODUCT = YES;
			};
			name = Release;
		};
		3F4440CF2C3679B400FFE260 /* Debug */ = {
			isa = XCBuildConfiguration;
			baseConfigurationReference = D08B4C0C9E77DB07F5E2F698 /* Pods-MoviePractice.debug.xcconfig */;
			buildSettings = {
				ASSETCATALOG_COMPILER_APPICON_NAME = AppIcon;
				ASSETCATALOG_COMPILER_GLOBAL_ACCENT_COLOR_NAME = AccentColor;
				CODE_SIGN_STYLE = Automatic;
				CURRENT_PROJECT_VERSION = 1;
				DEVELOPMENT_TEAM = 3S2S9T38QB;
				GENERATE_INFOPLIST_FILE = YES;
				INFOPLIST_FILE = MoviePractice/Info.plist;
				INFOPLIST_KEY_UIApplicationSupportsIndirectInputEvents = YES;
				INFOPLIST_KEY_UILaunchStoryboardName = LaunchScreen;
				INFOPLIST_KEY_UIMainStoryboardFile = "";
				INFOPLIST_KEY_UISupportedInterfaceOrientations_iPad = "UIInterfaceOrientationPortrait UIInterfaceOrientationPortraitUpsideDown UIInterfaceOrientationLandscapeLeft UIInterfaceOrientationLandscapeRight";
				INFOPLIST_KEY_UISupportedInterfaceOrientations_iPhone = "UIInterfaceOrientationPortrait UIInterfaceOrientationLandscapeLeft UIInterfaceOrientationLandscapeRight";
				LD_RUNPATH_SEARCH_PATHS = (
					"$(inherited)",
					"@executable_path/Frameworks",
				);
				MARKETING_VERSION = 1.0;
				PRODUCT_BUNDLE_IDENTIFIER = com.dinstudio.MoviePractice;
				PRODUCT_NAME = "$(TARGET_NAME)";
				SWIFT_EMIT_LOC_STRINGS = YES;
				SWIFT_VERSION = 5.0;
				TARGETED_DEVICE_FAMILY = "1,2";
			};
			name = Debug;
		};
		3F4440D02C3679B400FFE260 /* Release */ = {
			isa = XCBuildConfiguration;
			baseConfigurationReference = F12DB8AD46139E1DC04EC64D /* Pods-MoviePractice.release.xcconfig */;
			buildSettings = {
				ASSETCATALOG_COMPILER_APPICON_NAME = AppIcon;
				ASSETCATALOG_COMPILER_GLOBAL_ACCENT_COLOR_NAME = AccentColor;
				CODE_SIGN_STYLE = Automatic;
				CURRENT_PROJECT_VERSION = 1;
				DEVELOPMENT_TEAM = 3S2S9T38QB;
				GENERATE_INFOPLIST_FILE = YES;
				INFOPLIST_FILE = MoviePractice/Info.plist;
				INFOPLIST_KEY_UIApplicationSupportsIndirectInputEvents = YES;
				INFOPLIST_KEY_UILaunchStoryboardName = LaunchScreen;
				INFOPLIST_KEY_UIMainStoryboardFile = "";
				INFOPLIST_KEY_UISupportedInterfaceOrientations_iPad = "UIInterfaceOrientationPortrait UIInterfaceOrientationPortraitUpsideDown UIInterfaceOrientationLandscapeLeft UIInterfaceOrientationLandscapeRight";
				INFOPLIST_KEY_UISupportedInterfaceOrientations_iPhone = "UIInterfaceOrientationPortrait UIInterfaceOrientationLandscapeLeft UIInterfaceOrientationLandscapeRight";
				LD_RUNPATH_SEARCH_PATHS = (
					"$(inherited)",
					"@executable_path/Frameworks",
				);
				MARKETING_VERSION = 1.0;
				PRODUCT_BUNDLE_IDENTIFIER = com.dinstudio.MoviePractice;
				PRODUCT_NAME = "$(TARGET_NAME)";
				SWIFT_EMIT_LOC_STRINGS = YES;
				SWIFT_VERSION = 5.0;
				TARGETED_DEVICE_FAMILY = "1,2";
			};
			name = Release;
		};
/* End XCBuildConfiguration section */

/* Begin XCConfigurationList section */
		3F4440B52C3679B300FFE260 /* Build configuration list for PBXProject "MoviePractice" */ = {
			isa = XCConfigurationList;
			buildConfigurations = (
				3F4440CC2C3679B400FFE260 /* Debug */,
				3F4440CD2C3679B400FFE260 /* Release */,
			);
			defaultConfigurationIsVisible = 0;
			defaultConfigurationName = Release;
		};
		3F4440CE2C3679B400FFE260 /* Build configuration list for PBXNativeTarget "MoviePractice" */ = {
			isa = XCConfigurationList;
			buildConfigurations = (
				3F4440CF2C3679B400FFE260 /* Debug */,
				3F4440D02C3679B400FFE260 /* Release */,
			);
			defaultConfigurationIsVisible = 0;
			defaultConfigurationName = Release;
		};
/* End XCConfigurationList section */
	};
	rootObject = 3F4440B22C3679B300FFE260 /* Project object */;
}
